
Microsoft Visual Studio Solution File, Format Version 12.00
# Visual Studio Version 16
VisualStudioVersion = 16.0.33328.57
MinimumVisualStudioVersion = 10.0.40219.1
Project("{FAE04EC0-301F-11D3-BF4B-00C04F79EFBC}") = "lr2", "lr2\lr2.csproj", "{BDDA7683-C80D-422C-9E1B-174A57661702}"
EndProject
Global
	GlobalSection(SolutionConfigurationPlatforms) = preSolution
		Debug|Any CPU = Debug|Any CPU
		Release|Any CPU = Release|Any CPU
	EndGlobalSection
	GlobalSection(ProjectConfigurationPlatforms) = postSolution
		{BDDA7683-C80D-422C-9E1B-174A57661702}.Debug|Any CPU.ActiveCfg = Debug|Any CPU
		{BDDA7683-C80D-422C-9E1B-174A57661702}.Debug|Any CPU.Build.0 = Debug|Any CPU
		{BDDA7683-C80D-422C-9E1B-174A57661702}.Release|Any CPU.ActiveCfg = Release|Any CPU
		{BDDA7683-C80D-422C-9E1B-174A57661702}.Release|Any CPU.Build.0 = Release|Any CPU
	EndGlobalSection
	GlobalSection(SolutionProperties) = preSolution
		HideSolutionNode = FALSE
	EndGlobalSection
	GlobalSection(ExtensibilityGlobals) = postSolution
		SolutionGuid = {2F050635-4B49-4ACF-A4D1-41FC27E2E949}
	EndGlobalSection
EndGlobal
